// !$*UTF8*$!
{
	archiveVersion = 1;
	classes = {
	};
	objectVersion = 46;
	objects = {

/* Begin PBXBuildFile section */
		2400C05B18448B00001E6D06 /* Beach.png in Resources */ = {isa = PBXBuildFile; fileRef = 2400C05A18448B00001E6D06 /* Beach.png */; };
		2400C05D18448BA1001E6D06 /* Station.png in Resources */ = {isa = PBXBuildFile; fileRef = 2400C05C18448BA1001E6D06 /* Station.png */; };
		2400C05F18448C28001E6D06 /* 23.png in Resources */ = {isa = PBXBuildFile; fileRef = 2400C05E18448C28001E6D06 /* 23.png */; };
		2400C067184543E0001E6D06 /* Castle.png in Resources */ = {isa = PBXBuildFile; fileRef = 2400C060184543E0001E6D06 /* Castle.png */; };
		2400C068184543E0001E6D06 /* Expo.png in Resources */ = {isa = PBXBuildFile; fileRef = 2400C061184543E0001E6D06 /* Expo.png */; };
		2400C069184543E0001E6D06 /* GoldRush.png in Resources */ = {isa = PBXBuildFile; fileRef = 2400C062184543E0001E6D06 /* GoldRush.png */; };
		2400C06A184543E0001E6D06 /* Medieval.png in Resources */ = {isa = PBXBuildFile; fileRef = 2400C063184543E0001E6D06 /* Medieval.png */; };
		2400C06B184543E0001E6D06 /* PigSkin.png in Resources */ = {isa = PBXBuildFile; fileRef = 2400C064184543E0001E6D06 /* PigSkin.png */; };
		2400C06C184543E0001E6D06 /* PirtateShip.png in Resources */ = {isa = PBXBuildFile; fileRef = 2400C065184543E0001E6D06 /* PirtateShip.png */; };
		2400C06D184543E0001E6D06 /* TrailorPark.png in Resources */ = {isa = PBXBuildFile; fileRef = 2400C066184543E0001E6D06 /* TrailorPark.png */; };
		2400C06F18454462001E6D06 /* Castle2.png in Resources */ = {isa = PBXBuildFile; fileRef = 2400C06E18454462001E6D06 /* Castle2.png */; };
		242A677F1845B00D00C47415 /* MileyLevel4.png in Resources */ = {isa = PBXBuildFile; fileRef = 242A67781845B00D00C47415 /* MileyLevel4.png */; };
		242A67801845B00D00C47415 /* MileyLevel5.png in Resources */ = {isa = PBXBuildFile; fileRef = 242A67791845B00D00C47415 /* MileyLevel5.png */; };
		242A67811845B00D00C47415 /* MileyLevel6.png in Resources */ = {isa = PBXBuildFile; fileRef = 242A677A1845B00D00C47415 /* MileyLevel6.png */; };
		242A67821845B00D00C47415 /* MileyLevel7.png in Resources */ = {isa = PBXBuildFile; fileRef = 242A677B1845B00D00C47415 /* MileyLevel7.png */; };
		242A67831845B00D00C47415 /* MileyLevel8.png in Resources */ = {isa = PBXBuildFile; fileRef = 242A677C1845B00D00C47415 /* MileyLevel8.png */; };
		242A67841845B00D00C47415 /* MileyLevel9.png in Resources */ = {isa = PBXBuildFile; fileRef = 242A677D1845B00D00C47415 /* MileyLevel9.png */; };
		242A67851845B00D00C47415 /* MileyLevel10.png in Resources */ = {isa = PBXBuildFile; fileRef = 242A677E1845B00D00C47415 /* MileyLevel10.png */; };
		242A67871845B18200C47415 /* Simpsons.png in Resources */ = {isa = PBXBuildFile; fileRef = 242A67861845B18200C47415 /* Simpsons.png */; };
		242A67891845B20B00C47415 /* TrailorTrash.png in Resources */ = {isa = PBXBuildFile; fileRef = 242A67881845B20B00C47415 /* TrailorTrash.png */; };
		24F20B09181E1D5200CE6586 /* appicon1.png in Resources */ = {isa = PBXBuildFile; fileRef = 24F20B02181E1D5200CE6586 /* appicon1.png */; };
		24F20B0A181E1D5200CE6586 /* appicon2.png in Resources */ = {isa = PBXBuildFile; fileRef = 24F20B03181E1D5200CE6586 /* appicon2.png */; };
		24F20B0B181E1D5200CE6586 /* appicon3.png in Resources */ = {isa = PBXBuildFile; fileRef = 24F20B04181E1D5200CE6586 /* appicon3.png */; };
		24F20B0C181E1D5200CE6586 /* launchImage1.png in Resources */ = {isa = PBXBuildFile; fileRef = 24F20B05181E1D5200CE6586 /* launchImage1.png */; };
		24F20B0D181E1D5200CE6586 /* launchImage2.png in Resources */ = {isa = PBXBuildFile; fileRef = 24F20B06181E1D5200CE6586 /* launchImage2.png */; };
		24F20B0E181E1D5200CE6586 /* MileyLevel2.png in Resources */ = {isa = PBXBuildFile; fileRef = 24F20B07181E1D5200CE6586 /* MileyLevel2.png */; };
		24F20B0F181E1D5200CE6586 /* MileyLevel3.png in Resources */ = {isa = PBXBuildFile; fileRef = 24F20B08181E1D5200CE6586 /* MileyLevel3.png */; };
		992D361918185BB000EE1B33 /* MileyLevel1.png in Resources */ = {isa = PBXBuildFile; fileRef = 992D361818185BB000EE1B33 /* MileyLevel1.png */; };
		992D361A18185BB000EE1B33 /* MileyLevel1.png in Resources */ = {isa = PBXBuildFile; fileRef = 992D361818185BB000EE1B33 /* MileyLevel1.png */; };
		992D361D1818645800EE1B33 /* CSE494HomeViewController.m in Sources */ = {isa = PBXBuildFile; fileRef = 992D361C1818645800EE1B33 /* CSE494HomeViewController.m */; };
		992D361E1818645800EE1B33 /* CSE494HomeViewController.m in Sources */ = {isa = PBXBuildFile; fileRef = 992D361C1818645800EE1B33 /* CSE494HomeViewController.m */; };
		992D36211818649B00EE1B33 /* CSE494LevelsViewController.m in Sources */ = {isa = PBXBuildFile; fileRef = 992D36201818649A00EE1B33 /* CSE494LevelsViewController.m */; };
		992D36221818649B00EE1B33 /* CSE494LevelsViewController.m in Sources */ = {isa = PBXBuildFile; fileRef = 992D36201818649A00EE1B33 /* CSE494LevelsViewController.m */; };
		992D3625181864E200EE1B33 /* CSE494LandscapeViewController.m in Sources */ = {isa = PBXBuildFile; fileRef = 992D3624181864E200EE1B33 /* CSE494LandscapeViewController.m */; };
		992D3626181864E200EE1B33 /* CSE494LandscapeViewController.m in Sources */ = {isa = PBXBuildFile; fileRef = 992D3624181864E200EE1B33 /* CSE494LandscapeViewController.m */; };
		992D36291818651A00EE1B33 /* CSE494RulesViewController.m in Sources */ = {isa = PBXBuildFile; fileRef = 992D36281818651A00EE1B33 /* CSE494RulesViewController.m */; };
		992D362A1818651A00EE1B33 /* CSE494RulesViewController.m in Sources */ = {isa = PBXBuildFile; fileRef = 992D36281818651A00EE1B33 /* CSE494RulesViewController.m */; };
		99B9784817FA054700C5FE86 /* Foundation.framework in Frameworks */ = {isa = PBXBuildFile; fileRef = 99B9784717FA054700C5FE86 /* Foundation.framework */; };
		99B9784A17FA054700C5FE86 /* CoreGraphics.framework in Frameworks */ = {isa = PBXBuildFile; fileRef = 99B9784917FA054700C5FE86 /* CoreGraphics.framework */; };
		99B9784C17FA054700C5FE86 /* UIKit.framework in Frameworks */ = {isa = PBXBuildFile; fileRef = 99B9784B17FA054700C5FE86 /* UIKit.framework */; };
		99B9785217FA054700C5FE86 /* InfoPlist.strings in Resources */ = {isa = PBXBuildFile; fileRef = 99B9785017FA054700C5FE86 /* InfoPlist.strings */; };
		99B9785417FA054700C5FE86 /* main.m in Sources */ = {isa = PBXBuildFile; fileRef = 99B9785317FA054700C5FE86 /* main.m */; };
		99B9785817FA054700C5FE86 /* CSE494AppDelegate.m in Sources */ = {isa = PBXBuildFile; fileRef = 99B9785717FA054700C5FE86 /* CSE494AppDelegate.m */; };
		99B9785B17FA054700C5FE86 /* Main.storyboard in Resources */ = {isa = PBXBuildFile; fileRef = 99B9785917FA054700C5FE86 /* Main.storyboard */; };
		99B9786017FA054700C5FE86 /* Images.xcassets in Resources */ = {isa = PBXBuildFile; fileRef = 99B9785F17FA054700C5FE86 /* Images.xcassets */; };
		99B9786717FA054700C5FE86 /* XCTest.framework in Frameworks */ = {isa = PBXBuildFile; fileRef = 99B9786617FA054700C5FE86 /* XCTest.framework */; };
		99B9786817FA054700C5FE86 /* Foundation.framework in Frameworks */ = {isa = PBXBuildFile; fileRef = 99B9784717FA054700C5FE86 /* Foundation.framework */; };
		99B9786917FA054700C5FE86 /* UIKit.framework in Frameworks */ = {isa = PBXBuildFile; fileRef = 99B9784B17FA054700C5FE86 /* UIKit.framework */; };
		99C2DF4D1818766E0069288C /* Miley_Cyrus_Home.png in Resources */ = {isa = PBXBuildFile; fileRef = 99C2DF4C1818766E0069288C /* Miley_Cyrus_Home.png */; };
		99C2DF4E1818766E0069288C /* Miley_Cyrus_Home.png in Resources */ = {isa = PBXBuildFile; fileRef = 99C2DF4C1818766E0069288C /* Miley_Cyrus_Home.png */; };
/* End PBXBuildFile section */

/* Begin PBXContainerItemProxy section */
		99B9786A17FA054700C5FE86 /* PBXContainerItemProxy */ = {
			isa = PBXContainerItemProxy;
			containerPortal = 99B9783C17FA054700C5FE86 /* Project object */;
			proxyType = 1;
			remoteGlobalIDString = 99B9784317FA054700C5FE86;
			remoteInfo = Wheres_Miley;
		};
/* End PBXContainerItemProxy section */

/* Begin PBXFileReference section */
		2400C05A18448B00001E6D06 /* Beach.png */ = {isa = PBXFileReference; lastKnownFileType = image.png; path = Beach.png; sourceTree = "<group>"; };
		2400C05C18448BA1001E6D06 /* Station.png */ = {isa = PBXFileReference; lastKnownFileType = image.png; path = Station.png; sourceTree = "<group>"; };
		2400C05E18448C28001E6D06 /* 23.png */ = {isa = PBXFileReference; lastKnownFileType = image.png; path = 23.png; sourceTree = "<group>"; };
		2400C060184543E0001E6D06 /* Castle.png */ = {isa = PBXFileReference; lastKnownFileType = image.png; path = Castle.png; sourceTree = "<group>"; };
		2400C061184543E0001E6D06 /* Expo.png */ = {isa = PBXFileReference; lastKnownFileType = image.png; path = Expo.png; sourceTree = "<group>"; };
		2400C062184543E0001E6D06 /* GoldRush.png */ = {isa = PBXFileReference; lastKnownFileType = image.png; path = GoldRush.png; sourceTree = "<group>"; };
		2400C063184543E0001E6D06 /* Medieval.png */ = {isa = PBXFileReference; lastKnownFileType = image.png; path = Medieval.png; sourceTree = "<group>"; };
		2400C064184543E0001E6D06 /* PigSkin.png */ = {isa = PBXFileReference; lastKnownFileType = image.png; path = PigSkin.png; sourceTree = "<group>"; };
		2400C065184543E0001E6D06 /* PirtateShip.png */ = {isa = PBXFileReference; lastKnownFileType = image.png; path = PirtateShip.png; sourceTree = "<group>"; };
		2400C066184543E0001E6D06 /* TrailorPark.png */ = {isa = PBXFileReference; lastKnownFileType = image.png; path = TrailorPark.png; sourceTree = "<group>"; };
		2400C06E18454462001E6D06 /* Castle2.png */ = {isa = PBXFileReference; lastKnownFileType = image.png; path = Castle2.png; sourceTree = "<group>"; };
		242A67781845B00D00C47415 /* MileyLevel4.png */ = {isa = PBXFileReference; lastKnownFileType = image.png; path = MileyLevel4.png; sourceTree = "<group>"; };
		242A67791845B00D00C47415 /* MileyLevel5.png */ = {isa = PBXFileReference; lastKnownFileType = image.png; path = MileyLevel5.png; sourceTree = "<group>"; };
		242A677A1845B00D00C47415 /* MileyLevel6.png */ = {isa = PBXFileReference; lastKnownFileType = image.png; path = MileyLevel6.png; sourceTree = "<group>"; };
		242A677B1845B00D00C47415 /* MileyLevel7.png */ = {isa = PBXFileReference; lastKnownFileType = image.png; path = MileyLevel7.png; sourceTree = "<group>"; };
		242A677C1845B00D00C47415 /* MileyLevel8.png */ = {isa = PBXFileReference; lastKnownFileType = image.png; path = MileyLevel8.png; sourceTree = "<group>"; };
		242A677D1845B00D00C47415 /* MileyLevel9.png */ = {isa = PBXFileReference; lastKnownFileType = image.png; path = MileyLevel9.png; sourceTree = "<group>"; };
		242A677E1845B00D00C47415 /* MileyLevel10.png */ = {isa = PBXFileReference; lastKnownFileType = image.png; path = MileyLevel10.png; sourceTree = "<group>"; };
		242A67861845B18200C47415 /* Simpsons.png */ = {isa = PBXFileReference; lastKnownFileType = image.png; path = Simpsons.png; sourceTree = "<group>"; };
		242A67881845B20B00C47415 /* TrailorTrash.png */ = {isa = PBXFileReference; lastKnownFileType = image.png; path = TrailorTrash.png; sourceTree = "<group>"; };
		24F20B02181E1D5200CE6586 /* appicon1.png */ = {isa = PBXFileReference; lastKnownFileType = image.png; path = appicon1.png; sourceTree = "<group>"; };
		24F20B03181E1D5200CE6586 /* appicon2.png */ = {isa = PBXFileReference; lastKnownFileType = image.png; path = appicon2.png; sourceTree = "<group>"; };
		24F20B04181E1D5200CE6586 /* appicon3.png */ = {isa = PBXFileReference; lastKnownFileType = image.png; path = appicon3.png; sourceTree = "<group>"; };
		24F20B05181E1D5200CE6586 /* launchImage1.png */ = {isa = PBXFileReference; lastKnownFileType = image.png; path = launchImage1.png; sourceTree = "<group>"; };
		24F20B06181E1D5200CE6586 /* launchImage2.png */ = {isa = PBXFileReference; lastKnownFileType = image.png; path = launchImage2.png; sourceTree = "<group>"; };
		24F20B07181E1D5200CE6586 /* MileyLevel2.png */ = {isa = PBXFileReference; lastKnownFileType = image.png; path = MileyLevel2.png; sourceTree = "<group>"; };
		24F20B08181E1D5200CE6586 /* MileyLevel3.png */ = {isa = PBXFileReference; lastKnownFileType = image.png; path = MileyLevel3.png; sourceTree = "<group>"; };
		992D361818185BB000EE1B33 /* MileyLevel1.png */ = {isa = PBXFileReference; lastKnownFileType = image.png; path = MileyLevel1.png; sourceTree = "<group>"; };
		992D361B1818645800EE1B33 /* CSE494HomeViewController.h */ = {isa = PBXFileReference; fileEncoding = 4; lastKnownFileType = sourcecode.c.h; path = CSE494HomeViewController.h; sourceTree = "<group>"; };
		992D361C1818645800EE1B33 /* CSE494HomeViewController.m */ = {isa = PBXFileReference; fileEncoding = 4; lastKnownFileType = sourcecode.c.objc; path = CSE494HomeViewController.m; sourceTree = "<group>"; };
		992D361F1818649A00EE1B33 /* CSE494LevelsViewController.h */ = {isa = PBXFileReference; fileEncoding = 4; lastKnownFileType = sourcecode.c.h; path = CSE494LevelsViewController.h; sourceTree = "<group>"; };
		992D36201818649A00EE1B33 /* CSE494LevelsViewController.m */ = {isa = PBXFileReference; fileEncoding = 4; lastKnownFileType = sourcecode.c.objc; path = CSE494LevelsViewController.m; sourceTree = "<group>"; };
		992D3623181864E200EE1B33 /* CSE494LandscapeViewController.h */ = {isa = PBXFileReference; fileEncoding = 4; lastKnownFileType = sourcecode.c.h; path = CSE494LandscapeViewController.h; sourceTree = "<group>"; };
		992D3624181864E200EE1B33 /* CSE494LandscapeViewController.m */ = {isa = PBXFileReference; fileEncoding = 4; lastKnownFileType = sourcecode.c.objc; path = CSE494LandscapeViewController.m; sourceTree = "<group>"; };
		992D36271818651A00EE1B33 /* CSE494RulesViewController.h */ = {isa = PBXFileReference; fileEncoding = 4; lastKnownFileType = sourcecode.c.h; path = CSE494RulesViewController.h; sourceTree = "<group>"; };
		992D36281818651A00EE1B33 /* CSE494RulesViewController.m */ = {isa = PBXFileReference; fileEncoding = 4; lastKnownFileType = sourcecode.c.objc; path = CSE494RulesViewController.m; sourceTree = "<group>"; };
		99B9784417FA054700C5FE86 /* Wheres_Miley.app */ = {isa = PBXFileReference; explicitFileType = wrapper.application; includeInIndex = 0; path = Wheres_Miley.app; sourceTree = BUILT_PRODUCTS_DIR; };
		99B9784717FA054700C5FE86 /* Foundation.framework */ = {isa = PBXFileReference; lastKnownFileType = wrapper.framework; name = Foundation.framework; path = System/Library/Frameworks/Foundation.framework; sourceTree = SDKROOT; };
		99B9784917FA054700C5FE86 /* CoreGraphics.framework */ = {isa = PBXFileReference; lastKnownFileType = wrapper.framework; name = CoreGraphics.framework; path = System/Library/Frameworks/CoreGraphics.framework; sourceTree = SDKROOT; };
		99B9784B17FA054700C5FE86 /* UIKit.framework */ = {isa = PBXFileReference; lastKnownFileType = wrapper.framework; name = UIKit.framework; path = System/Library/Frameworks/UIKit.framework; sourceTree = SDKROOT; };
		99B9784F17FA054700C5FE86 /* Wheres_Miley-Info.plist */ = {isa = PBXFileReference; lastKnownFileType = text.plist.xml; path = "Wheres_Miley-Info.plist"; sourceTree = "<group>"; };
		99B9785117FA054700C5FE86 /* en */ = {isa = PBXFileReference; lastKnownFileType = text.plist.strings; name = en; path = en.lproj/InfoPlist.strings; sourceTree = "<group>"; };
		99B9785317FA054700C5FE86 /* main.m */ = {isa = PBXFileReference; lastKnownFileType = sourcecode.c.objc; path = main.m; sourceTree = "<group>"; };
		99B9785517FA054700C5FE86 /* Wheres_Miley-Prefix.pch */ = {isa = PBXFileReference; lastKnownFileType = sourcecode.c.h; path = "Wheres_Miley-Prefix.pch"; sourceTree = "<group>"; };
		99B9785617FA054700C5FE86 /* CSE494AppDelegate.h */ = {isa = PBXFileReference; lastKnownFileType = sourcecode.c.h; path = CSE494AppDelegate.h; sourceTree = "<group>"; };
		99B9785717FA054700C5FE86 /* CSE494AppDelegate.m */ = {isa = PBXFileReference; lastKnownFileType = sourcecode.c.objc; path = CSE494AppDelegate.m; sourceTree = "<group>"; };
		99B9785A17FA054700C5FE86 /* Base */ = {isa = PBXFileReference; lastKnownFileType = file.storyboard; name = Base; path = Base.lproj/Main.storyboard; sourceTree = "<group>"; };
		99B9785F17FA054700C5FE86 /* Images.xcassets */ = {isa = PBXFileReference; lastKnownFileType = folder.assetcatalog; path = Images.xcassets; sourceTree = "<group>"; };
		99B9786517FA054700C5FE86 /* Wheres_MileyTests.xctest */ = {isa = PBXFileReference; explicitFileType = wrapper.cfbundle; includeInIndex = 0; path = Wheres_MileyTests.xctest; sourceTree = BUILT_PRODUCTS_DIR; };
		99B9786617FA054700C5FE86 /* XCTest.framework */ = {isa = PBXFileReference; lastKnownFileType = wrapper.framework; name = XCTest.framework; path = Library/Frameworks/XCTest.framework; sourceTree = DEVELOPER_DIR; };
		99C2DF4C1818766E0069288C /* Miley_Cyrus_Home.png */ = {isa = PBXFileReference; lastKnownFileType = image.png; path = Miley_Cyrus_Home.png; sourceTree = "<group>"; };
/* End PBXFileReference section */

/* Begin PBXFrameworksBuildPhase section */
		99B9784117FA054700C5FE86 /* Frameworks */ = {
			isa = PBXFrameworksBuildPhase;
			buildActionMask = 2147483647;
			files = (
				99B9784A17FA054700C5FE86 /* CoreGraphics.framework in Frameworks */,
				99B9784C17FA054700C5FE86 /* UIKit.framework in Frameworks */,
				99B9784817FA054700C5FE86 /* Foundation.framework in Frameworks */,
			);
			runOnlyForDeploymentPostprocessing = 0;
		};
		99B9786217FA054700C5FE86 /* Frameworks */ = {
			isa = PBXFrameworksBuildPhase;
			buildActionMask = 2147483647;
			files = (
				99B9786717FA054700C5FE86 /* XCTest.framework in Frameworks */,
				99B9786917FA054700C5FE86 /* UIKit.framework in Frameworks */,
				99B9786817FA054700C5FE86 /* Foundation.framework in Frameworks */,
			);
			runOnlyForDeploymentPostprocessing = 0;
		};
/* End PBXFrameworksBuildPhase section */

/* Begin PBXGroup section */
		99B9783B17FA054700C5FE86 = {
			isa = PBXGroup;
			children = (
				99B9784D17FA054700C5FE86 /* Wheres_Miley */,
				99B9784617FA054700C5FE86 /* Frameworks */,
				99B9784517FA054700C5FE86 /* Products */,
			);
			sourceTree = "<group>";
		};
		99B9784517FA054700C5FE86 /* Products */ = {
			isa = PBXGroup;
			children = (
				99B9784417FA054700C5FE86 /* Wheres_Miley.app */,
				99B9786517FA054700C5FE86 /* Wheres_MileyTests.xctest */,
			);
			name = Products;
			sourceTree = "<group>";
		};
		99B9784617FA054700C5FE86 /* Frameworks */ = {
			isa = PBXGroup;
			children = (
				99B9784717FA054700C5FE86 /* Foundation.framework */,
				99B9784917FA054700C5FE86 /* CoreGraphics.framework */,
				99B9784B17FA054700C5FE86 /* UIKit.framework */,
				99B9786617FA054700C5FE86 /* XCTest.framework */,
			);
			name = Frameworks;
			sourceTree = "<group>";
		};
		99B9784D17FA054700C5FE86 /* Wheres_Miley */ = {
			isa = PBXGroup;
			children = (
				99B9785917FA054700C5FE86 /* Main.storyboard */,
				992D36271818651A00EE1B33 /* CSE494RulesViewController.h */,
				992D36281818651A00EE1B33 /* CSE494RulesViewController.m */,
				992D3623181864E200EE1B33 /* CSE494LandscapeViewController.h */,
				992D3624181864E200EE1B33 /* CSE494LandscapeViewController.m */,
				992D361F1818649A00EE1B33 /* CSE494LevelsViewController.h */,
				992D36201818649A00EE1B33 /* CSE494LevelsViewController.m */,
				992D361B1818645800EE1B33 /* CSE494HomeViewController.h */,
				992D361C1818645800EE1B33 /* CSE494HomeViewController.m */,
				99B9785617FA054700C5FE86 /* CSE494AppDelegate.h */,
				99B9785717FA054700C5FE86 /* CSE494AppDelegate.m */,
				99B9785F17FA054700C5FE86 /* Images.xcassets */,
				99B9784E17FA054700C5FE86 /* Supporting Files */,
			);
			path = Wheres_Miley;
			sourceTree = "<group>";
		};
		99B9784E17FA054700C5FE86 /* Supporting Files */ = {
			isa = PBXGroup;
			children = (
				2400C060184543E0001E6D06 /* Castle.png */,
				242A67861845B18200C47415 /* Simpsons.png */,
				242A67881845B20B00C47415 /* TrailorTrash.png */,
				2400C06E18454462001E6D06 /* Castle2.png */,
				2400C061184543E0001E6D06 /* Expo.png */,
				2400C062184543E0001E6D06 /* GoldRush.png */,
				2400C063184543E0001E6D06 /* Medieval.png */,
				2400C064184543E0001E6D06 /* PigSkin.png */,
				2400C065184543E0001E6D06 /* PirtateShip.png */,
				2400C066184543E0001E6D06 /* TrailorPark.png */,
				2400C05A18448B00001E6D06 /* Beach.png */,
				2400C05C18448BA1001E6D06 /* Station.png */,
				2400C05E18448C28001E6D06 /* 23.png */,
				24F20B02181E1D5200CE6586 /* appicon1.png */,
				24F20B03181E1D5200CE6586 /* appicon2.png */,
				24F20B04181E1D5200CE6586 /* appicon3.png */,
				24F20B05181E1D5200CE6586 /* launchImage1.png */,
				24F20B06181E1D5200CE6586 /* launchImage2.png */,
				24F20B07181E1D5200CE6586 /* MileyLevel2.png */,
				24F20B08181E1D5200CE6586 /* MileyLevel3.png */,
				242A67781845B00D00C47415 /* MileyLevel4.png */,
				242A67791845B00D00C47415 /* MileyLevel5.png */,
				242A677A1845B00D00C47415 /* MileyLevel6.png */,
				242A677B1845B00D00C47415 /* MileyLevel7.png */,
				242A677C1845B00D00C47415 /* MileyLevel8.png */,
				242A677D1845B00D00C47415 /* MileyLevel9.png */,
				242A677E1845B00D00C47415 /* MileyLevel10.png */,
				99C2DF4C1818766E0069288C /* Miley_Cyrus_Home.png */,
				992D361818185BB000EE1B33 /* MileyLevel1.png */,
				99B9784F17FA054700C5FE86 /* Wheres_Miley-Info.plist */,
				99B9785017FA054700C5FE86 /* InfoPlist.strings */,
				99B9785317FA054700C5FE86 /* main.m */,
				99B9785517FA054700C5FE86 /* Wheres_Miley-Prefix.pch */,
			);
			name = "Supporting Files";
			sourceTree = "<group>";
		};
/* End PBXGroup section */

/* Begin PBXNativeTarget section */
		99B9784317FA054700C5FE86 /* Wheres_Miley */ = {
			isa = PBXNativeTarget;
			buildConfigurationList = 99B9787617FA054700C5FE86 /* Build configuration list for PBXNativeTarget "Wheres_Miley" */;
			buildPhases = (
				99B9784017FA054700C5FE86 /* Sources */,
				99B9784117FA054700C5FE86 /* Frameworks */,
				99B9784217FA054700C5FE86 /* Resources */,
			);
			buildRules = (
			);
			dependencies = (
			);
			name = Wheres_Miley;
			productName = Wheres_Miley;
			productReference = 99B9784417FA054700C5FE86 /* Wheres_Miley.app */;
			productType = "com.apple.product-type.application";
		};
		99B9786417FA054700C5FE86 /* Wheres_MileyTests */ = {
			isa = PBXNativeTarget;
			buildConfigurationList = 99B9787917FA054700C5FE86 /* Build configuration list for PBXNativeTarget "Wheres_MileyTests" */;
			buildPhases = (
				99B9786117FA054700C5FE86 /* Sources */,
				99B9786217FA054700C5FE86 /* Frameworks */,
				99B9786317FA054700C5FE86 /* Resources */,
			);
			buildRules = (
			);
			dependencies = (
				99B9786B17FA054700C5FE86 /* PBXTargetDependency */,
			);
			name = Wheres_MileyTests;
			productName = Wheres_MileyTests;
			productReference = 99B9786517FA054700C5FE86 /* Wheres_MileyTests.xctest */;
			productType = "com.apple.product-type.bundle.unit-test";
		};
/* End PBXNativeTarget section */

/* Begin PBXProject section */
		99B9783C17FA054700C5FE86 /* Project object */ = {
			isa = PBXProject;
			attributes = {
				CLASSPREFIX = CSE494;
				LastUpgradeCheck = 0500;
				ORGANIZATIONNAME = ASU;
				TargetAttributes = {
					99B9786417FA054700C5FE86 = {
						TestTargetID = 99B9784317FA054700C5FE86;
					};
				};
			};
			buildConfigurationList = 99B9783F17FA054700C5FE86 /* Build configuration list for PBXProject "Wheres_Miley" */;
			compatibilityVersion = "Xcode 3.2";
			developmentRegion = English;
			hasScannedForEncodings = 0;
			knownRegions = (
				en,
				Base,
			);
			mainGroup = 99B9783B17FA054700C5FE86;
			productRefGroup = 99B9784517FA054700C5FE86 /* Products */;
			projectDirPath = "";
			projectRoot = "";
			targets = (
				99B9784317FA054700C5FE86 /* Wheres_Miley */,
				99B9786417FA054700C5FE86 /* Wheres_MileyTests */,
			);
		};
/* End PBXProject section */

/* Begin PBXResourcesBuildPhase section */
		99B9784217FA054700C5FE86 /* Resources */ = {
			isa = PBXResourcesBuildPhase;
			buildActionMask = 2147483647;
			files = (
				2400C05F18448C28001E6D06 /* 23.png in Resources */,
				2400C068184543E0001E6D06 /* Expo.png in Resources */,
				242A67891845B20B00C47415 /* TrailorTrash.png in Resources */,
				242A67851845B00D00C47415 /* MileyLevel10.png in Resources */,
				2400C05B18448B00001E6D06 /* Beach.png in Resources */,
				24F20B0E181E1D5200CE6586 /* MileyLevel2.png in Resources */,
				24F20B0C181E1D5200CE6586 /* launchImage1.png in Resources */,
				2400C06F18454462001E6D06 /* Castle2.png in Resources */,
				242A677F1845B00D00C47415 /* MileyLevel4.png in Resources */,
				24F20B09181E1D5200CE6586 /* appicon1.png in Resources */,
				99C2DF4D1818766E0069288C /* Miley_Cyrus_Home.png in Resources */,
				992D361918185BB000EE1B33 /* MileyLevel1.png in Resources */,
				242A67871845B18200C47415 /* Simpsons.png in Resources */,
				242A67831845B00D00C47415 /* MileyLevel8.png in Resources */,
				2400C05D18448BA1001E6D06 /* Station.png in Resources */,
				2400C06D184543E0001E6D06 /* TrailorPark.png in Resources */,
				242A67801845B00D00C47415 /* MileyLevel5.png in Resources */,
				242A67841845B00D00C47415 /* MileyLevel9.png in Resources */,
				2400C06A184543E0001E6D06 /* Medieval.png in Resources */,
				99B9786017FA054700C5FE86 /* Images.xcassets in Resources */,
				242A67821845B00D00C47415 /* MileyLevel7.png in Resources */,
				2400C067184543E0001E6D06 /* Castle.png in Resources */,
				242A67811845B00D00C47415 /* MileyLevel6.png in Resources */,
				24F20B0B181E1D5200CE6586 /* appicon3.png in Resources */,
				99B9785217FA054700C5FE86 /* InfoPlist.strings in Resources */,
				24F20B0A181E1D5200CE6586 /* appicon2.png in Resources */,
				2400C06B184543E0001E6D06 /* PigSkin.png in Resources */,
				24F20B0F181E1D5200CE6586 /* MileyLevel3.png in Resources */,
				2400C069184543E0001E6D06 /* GoldRush.png in Resources */,
				2400C06C184543E0001E6D06 /* PirtateShip.png in Resources */,
				99B9785B17FA054700C5FE86 /* Main.storyboard in Resources */,
				24F20B0D181E1D5200CE6586 /* launchImage2.png in Resources */,
			);
			runOnlyForDeploymentPostprocessing = 0;
		};
		99B9786317FA054700C5FE86 /* Resources */ = {
			isa = PBXResourcesBuildPhase;
			buildActionMask = 2147483647;
			files = (
				99C2DF4E1818766E0069288C /* Miley_Cyrus_Home.png in Resources */,
				992D361A18185BB000EE1B33 /* MileyLevel1.png in Resources */,
			);
			runOnlyForDeploymentPostprocessing = 0;
		};
/* End PBXResourcesBuildPhase section */

/* Begin PBXSourcesBuildPhase section */
		99B9784017FA054700C5FE86 /* Sources */ = {
			isa = PBXSourcesBuildPhase;
			buildActionMask = 2147483647;
			files = (
				992D3625181864E200EE1B33 /* CSE494LandscapeViewController.m in Sources */,
				992D361D1818645800EE1B33 /* CSE494HomeViewController.m in Sources */,
				992D36211818649B00EE1B33 /* CSE494LevelsViewController.m in Sources */,
				99B9785817FA054700C5FE86 /* CSE494AppDelegate.m in Sources */,
				992D36291818651A00EE1B33 /* CSE494RulesViewController.m in Sources */,
				99B9785417FA054700C5FE86 /* main.m in Sources */,
			);
			runOnlyForDeploymentPostprocessing = 0;
		};
		99B9786117FA054700C5FE86 /* Sources */ = {
			isa = PBXSourcesBuildPhase;
			buildActionMask = 2147483647;
			files = (
				992D362A1818651A00EE1B33 /* CSE494RulesViewController.m in Sources */,
				992D361E1818645800EE1B33 /* CSE494HomeViewController.m in Sources */,
				992D3626181864E200EE1B33 /* CSE494LandscapeViewController.m in Sources */,
				992D36221818649B00EE1B33 /* CSE494LevelsViewController.m in Sources */,
			);
			runOnlyForDeploymentPostprocessing = 0;
		};
/* End PBXSourcesBuildPhase section */

/* Begin PBXTargetDependency section */
		99B9786B17FA054700C5FE86 /* PBXTargetDependency */ = {
			isa = PBXTargetDependency;
			target = 99B9784317FA054700C5FE86 /* Wheres_Miley */;
			targetProxy = 99B9786A17FA054700C5FE86 /* PBXContainerItemProxy */;
		};
/* End PBXTargetDependency section */

/* Begin PBXVariantGroup section */
		99B9785017FA054700C5FE86 /* InfoPlist.strings */ = {
			isa = PBXVariantGroup;
			children = (
				99B9785117FA054700C5FE86 /* en */,
			);
			name = InfoPlist.strings;
			sourceTree = "<group>";
		};
		99B9785917FA054700C5FE86 /* Main.storyboard */ = {
			isa = PBXVariantGroup;
			children = (
				99B9785A17FA054700C5FE86 /* Base */,
			);
			name = Main.storyboard;
			sourceTree = "<group>";
		};
/* End PBXVariantGroup section */

/* Begin XCBuildConfiguration section */
		99B9787417FA054700C5FE86 /* Debug */ = {
			isa = XCBuildConfiguration;
			buildSettings = {
				ALWAYS_SEARCH_USER_PATHS = NO;
				ARCHS = "$(ARCHS_STANDARD_INCLUDING_64_BIT)";
				CLANG_CXX_LANGUAGE_STANDARD = "gnu++0x";
				CLANG_CXX_LIBRARY = "libc++";
				CLANG_ENABLE_MODULES = YES;
				CLANG_ENABLE_OBJC_ARC = YES;
				CLANG_WARN_BOOL_CONVERSION = YES;
				CLANG_WARN_CONSTANT_CONVERSION = YES;
				CLANG_WARN_DIRECT_OBJC_ISA_USAGE = YES_ERROR;
				CLANG_WARN_EMPTY_BODY = YES;
				CLANG_WARN_ENUM_CONVERSION = YES;
				CLANG_WARN_INT_CONVERSION = YES;
				CLANG_WARN_OBJC_ROOT_CLASS = YES_ERROR;
				CLANG_WARN__DUPLICATE_METHOD_MATCH = YES;
				"CODE_SIGN_IDENTITY[sdk=iphoneos*]" = "iPhone Developer";
				COPY_PHASE_STRIP = NO;
				GCC_C_LANGUAGE_STANDARD = gnu99;
				GCC_DYNAMIC_NO_PIC = NO;
				GCC_OPTIMIZATION_LEVEL = 0;
				GCC_PREPROCESSOR_DEFINITIONS = (
					"DEBUG=1",
					"$(inherited)",
				);
				GCC_SYMBOLS_PRIVATE_EXTERN = NO;
				GCC_WARN_64_TO_32_BIT_CONVERSION = YES;
				GCC_WARN_ABOUT_RETURN_TYPE = YES_ERROR;
				GCC_WARN_UNDECLARED_SELECTOR = YES;
				GCC_WARN_UNINITIALIZED_AUTOS = YES;
				GCC_WARN_UNUSED_FUNCTION = YES;
				GCC_WARN_UNUSED_VARIABLE = YES;
				IPHONEOS_DEPLOYMENT_TARGET = 7.0;
				ONLY_ACTIVE_ARCH = YES;
				SDKROOT = iphoneos;
			};
			name = Debug;
		};
		99B9787517FA054700C5FE86 /* Release */ = {
			isa = XCBuildConfiguration;
			buildSettings = {
				ALWAYS_SEARCH_USER_PATHS = NO;
				ARCHS = "$(ARCHS_STANDARD_INCLUDING_64_BIT)";
				CLANG_CXX_LANGUAGE_STANDARD = "gnu++0x";
				CLANG_CXX_LIBRARY = "libc++";
				CLANG_ENABLE_MODULES = YES;
				CLANG_ENABLE_OBJC_ARC = YES;
				CLANG_WARN_BOOL_CONVERSION = YES;
				CLANG_WARN_CONSTANT_CONVERSION = YES;
				CLANG_WARN_DIRECT_OBJC_ISA_USAGE = YES_ERROR;
				CLANG_WARN_EMPTY_BODY = YES;
				CLANG_WARN_ENUM_CONVERSION = YES;
				CLANG_WARN_INT_CONVERSION = YES;
				CLANG_WARN_OBJC_ROOT_CLASS = YES_ERROR;
				CLANG_WARN__DUPLICATE_METHOD_MATCH = YES;
				"CODE_SIGN_IDENTITY[sdk=iphoneos*]" = "iPhone Developer";
				COPY_PHASE_STRIP = YES;
				ENABLE_NS_ASSERTIONS = NO;
				GCC_C_LANGUAGE_STANDARD = gnu99;
				GCC_WARN_64_TO_32_BIT_CONVERSION = YES;
				GCC_WARN_ABOUT_RETURN_TYPE = YES_ERROR;
				GCC_WARN_UNDECLARED_SELECTOR = YES;
				GCC_WARN_UNINITIALIZED_AUTOS = YES;
				GCC_WARN_UNUSED_FUNCTION = YES;
				GCC_WARN_UNUSED_VARIABLE = YES;
				IPHONEOS_DEPLOYMENT_TARGET = 7.0;
				SDKROOT = iphoneos;
				VALIDATE_PRODUCT = YES;
			};
			name = Release;
		};
		99B9787717FA054700C5FE86 /* Debug */ = {
			isa = XCBuildConfiguration;
			buildSettings = {
				ASSETCATALOG_COMPILER_APPICON_NAME = AppIcon;
				ASSETCATALOG_COMPILER_LAUNCHIMAGE_NAME = LaunchImage;
				GCC_PRECOMPILE_PREFIX_HEADER = YES;
				GCC_PREFIX_HEADER = "Wheres_Miley/Wheres_Miley-Prefix.pch";
				INFOPLIST_FILE = "Wheres_Miley/Wheres_Miley-Info.plist";
				PRODUCT_NAME = "$(TARGET_NAME)";
				WRAPPER_EXTENSION = app;
			};
			name = Debug;
		};
		99B9787817FA054700C5FE86 /* Release */ = {
			isa = XCBuildConfiguration;
			buildSettings = {
				ASSETCATALOG_COMPILER_APPICON_NAME = AppIcon;
				ASSETCATALOG_COMPILER_LAUNCHIMAGE_NAME = LaunchImage;
				GCC_PRECOMPILE_PREFIX_HEADER = YES;
				GCC_PREFIX_HEADER = "Wheres_Miley/Wheres_Miley-Prefix.pch";
				INFOPLIST_FILE = "Wheres_Miley/Wheres_Miley-Info.plist";
				PRODUCT_NAME = "$(TARGET_NAME)";
				WRAPPER_EXTENSION = app;
			};
			name = Release;
		};
		99B9787A17FA054700C5FE86 /* Debug */ = {
			isa = XCBuildConfiguration;
			buildSettings = {
				ARCHS = "$(ARCHS_STANDARD_INCLUDING_64_BIT)";
				BUNDLE_LOADER = "$(BUILT_PRODUCTS_DIR)/Wheres_Miley.app/Wheres_Miley";
				FRAMEWORK_SEARCH_PATHS = (
					"$(SDKROOT)/Developer/Library/Frameworks",
					"$(inherited)",
					"$(DEVELOPER_FRAMEWORKS_DIR)",
				);
				GCC_PRECOMPILE_PREFIX_HEADER = YES;
				GCC_PREFIX_HEADER = "Wheres_Miley/Wheres_Miley-Prefix.pch";
				GCC_PREPROCESSOR_DEFINITIONS = (
					"DEBUG=1",
					"$(inherited)",
				);
				INFOPLIST_FILE = "Wheres_MileyTests/Wheres_MileyTests-Info.plist";
				PRODUCT_NAME = "$(TARGET_NAME)";
				TEST_HOST = "$(BUNDLE_LOADER)";
				WRAPPER_EXTENSION = xctest;
			};
			name = Debug;
		};
		99B9787B17FA054700C5FE86 /* Release */ = {
			isa = XCBuildConfiguration;
			buildSettings = {
				ARCHS = "$(ARCHS_STANDARD_INCLUDING_64_BIT)";
				BUNDLE_LOADER = "$(BUILT_PRODUCTS_DIR)/Wheres_Miley.app/Wheres_Miley";
				FRAMEWORK_SEARCH_PATHS = (
					"$(SDKROOT)/Developer/Library/Frameworks",
					"$(inherited)",
					"$(DEVELOPER_FRAMEWORKS_DIR)",
				);
				GCC_PRECOMPILE_PREFIX_HEADER = YES;
				GCC_PREFIX_HEADER = "Wheres_Miley/Wheres_Miley-Prefix.pch";
				INFOPLIST_FILE = "Wheres_MileyTests/Wheres_MileyTests-Info.plist";
				PRODUCT_NAME = "$(TARGET_NAME)";
				TEST_HOST = "$(BUNDLE_LOADER)";
				WRAPPER_EXTENSION = xctest;
			};
			name = Release;
		};
/* End XCBuildConfiguration section */

/* Begin XCConfigurationList section */
		99B9783F17FA054700C5FE86 /* Build configuration list for PBXProject "Wheres_Miley" */ = {
			isa = XCConfigurationList;
			buildConfigurations = (
				99B9787417FA054700C5FE86 /* Debug */,
				99B9787517FA054700C5FE86 /* Release */,
			);
			defaultConfigurationIsVisible = 0;
			defaultConfigurationName = Release;
		};
		99B9787617FA054700C5FE86 /* Build configuration list for PBXNativeTarget "Wheres_Miley" */ = {
			isa = XCConfigurationList;
			buildConfigurations = (
				99B9787717FA054700C5FE86 /* Debug */,
				99B9787817FA054700C5FE86 /* Release */,
			);
			defaultConfigurationIsVisible = 0;
			defaultConfigurationName = Release;
		};
		99B9787917FA054700C5FE86 /* Build configuration list for PBXNativeTarget "Wheres_MileyTests" */ = {
			isa = XCConfigurationList;
			buildConfigurations = (
				99B9787A17FA054700C5FE86 /* Debug */,
				99B9787B17FA054700C5FE86 /* Release */,
			);
			defaultConfigurationIsVisible = 0;
			defaultConfigurationName = Release;
		};
/* End XCConfigurationList section */
	};
	rootObject = 99B9783C17FA054700C5FE86 /* Project object */;
}
